
Microsoft Visual Studio Solution File, Format Version 12.00
# Visual Studio 14
VisualStudioVersion = 14.0.25420.1
MinimumVisualStudioVersion = 10.0.40219.1
Project("{2150E333-8FDC-42A3-9474-1A3956D46DE8}") = "Tests", "Tests", "{8358129B-2FBE-4EE7-AFAF-2392A62A2C5F}"
EndProject
Project("{2150E333-8FDC-42A3-9474-1A3956D46DE8}") = "Requirements", "Requirements", "{9BB5E9B1-D8D5-4DC4-8BE6-DD4C10741751}"
	ProjectSection(SolutionItems) = preProject
		GildedRoseRequirements.txt = GildedRoseRequirements.txt
	EndProjectSection
EndProject
Project("{FAE04EC0-301F-11D3-BF4B-00C04F79EFBC}") = "GildedRose.Tests", "GildedRose.Tests\GildedRose.Tests.csproj", "{31419FD9-9242-406C-8B0F-F45C4DC71EDB}"
EndProject
Project("{FAE04EC0-301F-11D3-BF4B-00C04F79EFBC}") = "GildedRose.Core", "GildedRose.Core\GildedRose.Core.csproj", "{E4238D6F-B880-4420-9AB2-7F658C349DBE}"
EndProject
Global
	GlobalSection(SolutionConfigurationPlatforms) = preSolution
		Debug|Any CPU = Debug|Any CPU
		Release|Any CPU = Release|Any CPU
	EndGlobalSection
	GlobalSection(ProjectConfigurationPlatforms) = postSolution
		{31419FD9-9242-406C-8B0F-F45C4DC71EDB}.Debug|Any CPU.ActiveCfg = Debug|Any CPU
		{31419FD9-9242-406C-8B0F-F45C4DC71EDB}.Debug|Any CPU.Build.0 = Debug|Any CPU
		{31419FD9-9242-406C-8B0F-F45C4DC71EDB}.Release|Any CPU.ActiveCfg = Release|Any CPU
		{31419FD9-9242-406C-8B0F-F45C4DC71EDB}.Release|Any CPU.Build.0 = Release|Any CPU
		{E4238D6F-B880-4420-9AB2-7F658C349DBE}.Debug|Any CPU.ActiveCfg = Debug|Any CPU
		{E4238D6F-B880-4420-9AB2-7F658C349DBE}.Debug|Any CPU.Build.0 = Debug|Any CPU
		{E4238D6F-B880-4420-9AB2-7F658C349DBE}.Release|Any CPU.ActiveCfg = Release|Any CPU
		{E4238D6F-B880-4420-9AB2-7F658C349DBE}.Release|Any CPU.Build.0 = Release|Any CPU
	EndGlobalSection
	GlobalSection(SolutionProperties) = preSolution
		HideSolutionNode = FALSE
	EndGlobalSection
	GlobalSection(NestedProjects) = preSolution
		{31419FD9-9242-406C-8B0F-F45C4DC71EDB} = {8358129B-2FBE-4EE7-AFAF-2392A62A2C5F}
	EndGlobalSection
EndGlobal
