
Microsoft Visual Studio Solution File, Format Version 12.00
# Visual Studio 14
VisualStudioVersion = 14.0.25123.0
MinimumVisualStudioVersion = 10.0.40219.1
Project("{FAE04EC0-301F-11D3-BF4B-00C04F79EFBC}") = "GildedRoseKata", "GildedRoseKata\GildedRoseKata.csproj", "{E4B3002B-E59E-4AE3-9F51-613B2A2E0F64}"
EndProject
Project("{2150E333-8FDC-42A3-9474-1A3956D46DE8}") = "Tests", "Tests", "{8358129B-2FBE-4EE7-AFAF-2392A62A2C5F}"
EndProject
Project("{FAE04EC0-301F-11D3-BF4B-00C04F79EFBC}") = "GildedRoseKataTests", "GildedRoseKataTests\GildedRoseKataTests.csproj", "{40CCCBB7-0504-466F-B1E7-36A89DA822B6}"
EndProject
Project("{2150E333-8FDC-42A3-9474-1A3956D46DE8}") = "Requirements", "Requirements", "{9BB5E9B1-D8D5-4DC4-8BE6-DD4C10741751}"
	ProjectSection(SolutionItems) = preProject
		GildedRoseRequirements.txt = GildedRoseRequirements.txt
	EndProjectSection
EndProject
Global
	GlobalSection(SolutionConfigurationPlatforms) = preSolution
		Debug|Any CPU = Debug|Any CPU
		Release|Any CPU = Release|Any CPU
	EndGlobalSection
	GlobalSection(ProjectConfigurationPlatforms) = postSolution
		{E4B3002B-E59E-4AE3-9F51-613B2A2E0F64}.Debug|Any CPU.ActiveCfg = Debug|Any CPU
		{E4B3002B-E59E-4AE3-9F51-613B2A2E0F64}.Debug|Any CPU.Build.0 = Debug|Any CPU
		{E4B3002B-E59E-4AE3-9F51-613B2A2E0F64}.Release|Any CPU.ActiveCfg = Release|Any CPU
		{E4B3002B-E59E-4AE3-9F51-613B2A2E0F64}.Release|Any CPU.Build.0 = Release|Any CPU
		{40CCCBB7-0504-466F-B1E7-36A89DA822B6}.Debug|Any CPU.ActiveCfg = Debug|Any CPU
		{40CCCBB7-0504-466F-B1E7-36A89DA822B6}.Debug|Any CPU.Build.0 = Debug|Any CPU
		{40CCCBB7-0504-466F-B1E7-36A89DA822B6}.Release|Any CPU.ActiveCfg = Release|Any CPU
		{40CCCBB7-0504-466F-B1E7-36A89DA822B6}.Release|Any CPU.Build.0 = Release|Any CPU
	EndGlobalSection
	GlobalSection(SolutionProperties) = preSolution
		HideSolutionNode = FALSE
	EndGlobalSection
	GlobalSection(NestedProjects) = preSolution
		{40CCCBB7-0504-466F-B1E7-36A89DA822B6} = {8358129B-2FBE-4EE7-AFAF-2392A62A2C5F}
	EndGlobalSection
EndGlobal
